
Microsoft Visual Studio Solution File, Format Version 12.00
# Visual Studio Version 16
VisualStudioVersion = 16.0.29920.165
MinimumVisualStudioVersion = 10.0.40219.1
Project("{FAE04EC0-301F-11D3-BF4B-00C04F79EFBC}") = "Cw10", "Cw10\Cw10.csproj", "{4F2C8FA3-D363-4AAF-B071-94113006BD0C}"
EndProject
Global
	GlobalSection(SolutionConfigurationPlatforms) = preSolution
		Debug|Any CPU = Debug|Any CPU
		Release|Any CPU = Release|Any CPU
	EndGlobalSection
	GlobalSection(ProjectConfigurationPlatforms) = postSolution
		{4F2C8FA3-D363-4AAF-B071-94113006BD0C}.Debug|Any CPU.ActiveCfg = Debug|Any CPU
		{4F2C8FA3-D363-4AAF-B071-94113006BD0C}.Debug|Any CPU.Build.0 = Debug|Any CPU
		{4F2C8FA3-D363-4AAF-B071-94113006BD0C}.Release|Any CPU.ActiveCfg = Release|Any CPU
		{4F2C8FA3-D363-4AAF-B071-94113006BD0C}.Release|Any CPU.Build.0 = Release|Any CPU
	EndGlobalSection
	GlobalSection(SolutionProperties) = preSolution
		HideSolutionNode = FALSE
	EndGlobalSection
	GlobalSection(ExtensibilityGlobals) = postSolution
		SolutionGuid = {CACA436E-EC46-4FE9-9AB8-E9030337B55B}
	EndGlobalSection
EndGlobal
